
Microsoft Visual Studio Solution File, Format Version 12.00
# Visual Studio 15
VisualStudioVersion = 15.0.26730.12
MinimumVisualStudioVersion = 10.0.40219.1
Project("{FAE04EC0-301F-11D3-BF4B-00C04F79EFBC}") = "SeleniumSelectors", "SeleniumSelectors\SeleniumSelectors.csproj", "{13DE4327-041E-48AC-A5AC-1088A789CEE1}"
EndProject
Global
	GlobalSection(SolutionConfigurationPlatforms) = preSolution
		Debug|Any CPU = Debug|Any CPU
		Release|Any CPU = Release|Any CPU
	EndGlobalSection
	GlobalSection(ProjectConfigurationPlatforms) = postSolution
		{13DE4327-041E-48AC-A5AC-1088A789CEE1}.Debug|Any CPU.ActiveCfg = Debug|Any CPU
		{13DE4327-041E-48AC-A5AC-1088A789CEE1}.Debug|Any CPU.Build.0 = Debug|Any CPU
		{13DE4327-041E-48AC-A5AC-1088A789CEE1}.Release|Any CPU.ActiveCfg = Release|Any CPU
		{13DE4327-041E-48AC-A5AC-1088A789CEE1}.Release|Any CPU.Build.0 = Release|Any CPU
	EndGlobalSection
	GlobalSection(SolutionProperties) = preSolution
		HideSolutionNode = FALSE
	EndGlobalSection
	GlobalSection(ExtensibilityGlobals) = postSolution
		SolutionGuid = {40B8A5D9-39F5-4D36-8C2B-266A8ED2CEF1}
	EndGlobalSection
EndGlobal
